
Microsoft Visual Studio Solution File, Format Version 12.00
# Visual Studio 2013
VisualStudioVersion = 12.0.21005.1
MinimumVisualStudioVersion = 10.0.40219.1
Project("{00D1A9C2-B5F0-4AF3-8072-F6C62B433612}") = "StatData", "Database1\StatData.sqlproj", "{F5B36249-62D4-493C-9386-27FEF1A8D2DA}"
EndProject
Project("{FAE04EC0-301F-11D3-BF4B-00C04F79EFBC}") = "LolApiDriver", "LolApiDriver\LolApiDriver.csproj", "{9E51E5D2-CC88-41E6-8BCD-08F871B33E8C}"
EndProject
Project("{FAE04EC0-301F-11D3-BF4B-00C04F79EFBC}") = "LeagueStatSite", "Test2\LeagueStatSite.csproj", "{22DE2971-F9F0-4F69-8C9D-B53BE4E29CAD}"
EndProject
Global
	GlobalSection(SolutionConfigurationPlatforms) = preSolution
		Debug|Any CPU = Debug|Any CPU
		Release|Any CPU = Release|Any CPU
	EndGlobalSection
	GlobalSection(ProjectConfigurationPlatforms) = postSolution
		{F5B36249-62D4-493C-9386-27FEF1A8D2DA}.Debug|Any CPU.ActiveCfg = Debug|Any CPU
		{F5B36249-62D4-493C-9386-27FEF1A8D2DA}.Debug|Any CPU.Build.0 = Debug|Any CPU
		{F5B36249-62D4-493C-9386-27FEF1A8D2DA}.Debug|Any CPU.Deploy.0 = Debug|Any CPU
		{F5B36249-62D4-493C-9386-27FEF1A8D2DA}.Release|Any CPU.ActiveCfg = Release|Any CPU
		{F5B36249-62D4-493C-9386-27FEF1A8D2DA}.Release|Any CPU.Build.0 = Release|Any CPU
		{F5B36249-62D4-493C-9386-27FEF1A8D2DA}.Release|Any CPU.Deploy.0 = Release|Any CPU
		{9E51E5D2-CC88-41E6-8BCD-08F871B33E8C}.Debug|Any CPU.ActiveCfg = Debug|Any CPU
		{9E51E5D2-CC88-41E6-8BCD-08F871B33E8C}.Debug|Any CPU.Build.0 = Debug|Any CPU
		{9E51E5D2-CC88-41E6-8BCD-08F871B33E8C}.Release|Any CPU.ActiveCfg = Release|Any CPU
		{9E51E5D2-CC88-41E6-8BCD-08F871B33E8C}.Release|Any CPU.Build.0 = Release|Any CPU
		{22DE2971-F9F0-4F69-8C9D-B53BE4E29CAD}.Debug|Any CPU.ActiveCfg = Debug|Any CPU
		{22DE2971-F9F0-4F69-8C9D-B53BE4E29CAD}.Debug|Any CPU.Build.0 = Debug|Any CPU
		{22DE2971-F9F0-4F69-8C9D-B53BE4E29CAD}.Release|Any CPU.ActiveCfg = Release|Any CPU
		{22DE2971-F9F0-4F69-8C9D-B53BE4E29CAD}.Release|Any CPU.Build.0 = Release|Any CPU
	EndGlobalSection
	GlobalSection(SolutionProperties) = preSolution
		HideSolutionNode = FALSE
	EndGlobalSection
EndGlobal
